{
  "name": "@maestrovinci/vinci",
  "version": "1.3.0",
  "lockfileVersion": 3,
  "requires": true,
  "packages": {
    "": {
      "name": "@maestrovinci/vinci",
      "version": "1.3.0",
      "license": "MIT",
      "bin": {
        "vinci": "scripts/install.mjs"
      },
      "engines": {
        "node": ">=18"
      }
    }
  }
}
